// !$*UTF8*$!
{
	archiveVersion = 1;
	classes = {
	};
	objectVersion = 50;
	objects = {

/* Begin PBXBuildFile section */
		6A89580EAEECA9FDC7EBD316 /* Pods_MyPlaces.framework in Frameworks */ = {isa = PBXBuildFile; fileRef = EE2E0016462054FE10D9F806 /* Pods_MyPlaces.framework */; };
		ED0EE31023C31CC0007D0B1E /* StorageManager.swift in Sources */ = {isa = PBXBuildFile; fileRef = ED0EE30F23C31CC0007D0B1E /* StorageManager.swift */; };
		EDAAA23723BD1776004824E4 /* NewPlaceViewController.swift in Sources */ = {isa = PBXBuildFile; fileRef = EDAAA23623BD1776004824E4 /* NewPlaceViewController.swift */; };
		EDE498DA23B1F00900A82B8E /* CustomTableViewCell.swift in Sources */ = {isa = PBXBuildFile; fileRef = EDE498D923B1F00900A82B8E /* CustomTableViewCell.swift */; };
		EDE498DC23B2380400A82B8E /* PlaceModel.swift in Sources */ = {isa = PBXBuildFile; fileRef = EDE498DB23B2380400A82B8E /* PlaceModel.swift */; };
		EDE54B9623AE1DEE009A8453 /* AppDelegate.swift in Sources */ = {isa = PBXBuildFile; fileRef = EDE54B9523AE1DEE009A8453 /* AppDelegate.swift */; };
		EDE54B9823AE1DEE009A8453 /* SceneDelegate.swift in Sources */ = {isa = PBXBuildFile; fileRef = EDE54B9723AE1DEE009A8453 /* SceneDelegate.swift */; };
		EDE54B9D23AE1DEE009A8453 /* Main.storyboard in Resources */ = {isa = PBXBuildFile; fileRef = EDE54B9B23AE1DEE009A8453 /* Main.storyboard */; };
		EDE54B9F23AE1DF3009A8453 /* Assets.xcassets in Resources */ = {isa = PBXBuildFile; fileRef = EDE54B9E23AE1DF3009A8453 /* Assets.xcassets */; };
		EDE54BA223AE1DF3009A8453 /* LaunchScreen.storyboard in Resources */ = {isa = PBXBuildFile; fileRef = EDE54BA023AE1DF3009A8453 /* LaunchScreen.storyboard */; };
		EDE54BAA23AE2747009A8453 /* MainViewController.swift in Sources */ = {isa = PBXBuildFile; fileRef = EDE54BA923AE2747009A8453 /* MainViewController.swift */; };
/* End PBXBuildFile section */

/* Begin PBXFileReference section */
		954766839858DEC74B3D2356 /* Pods-MyPlaces.release.xcconfig */ = {isa = PBXFileReference; includeInIndex = 1; lastKnownFileType = text.xcconfig; name = "Pods-MyPlaces.release.xcconfig"; path = "Pods/Target Support Files/Pods-MyPlaces/Pods-MyPlaces.release.xcconfig"; sourceTree = "<group>"; };
		E32AD3C8104C3804F4F239AC /* Pods-MyPlaces.debug.xcconfig */ = {isa = PBXFileReference; includeInIndex = 1; lastKnownFileType = text.xcconfig; name = "Pods-MyPlaces.debug.xcconfig"; path = "Pods/Target Support Files/Pods-MyPlaces/Pods-MyPlaces.debug.xcconfig"; sourceTree = "<group>"; };
		ED0EE30F23C31CC0007D0B1E /* StorageManager.swift */ = {isa = PBXFileReference; lastKnownFileType = sourcecode.swift; path = StorageManager.swift; sourceTree = "<group>"; };
		EDAAA23623BD1776004824E4 /* NewPlaceViewController.swift */ = {isa = PBXFileReference; lastKnownFileType = sourcecode.swift; path = NewPlaceViewController.swift; sourceTree = "<group>"; };
		EDE498D923B1F00900A82B8E /* CustomTableViewCell.swift */ = {isa = PBXFileReference; lastKnownFileType = sourcecode.swift; path = CustomTableViewCell.swift; sourceTree = "<group>"; };
		EDE498DB23B2380400A82B8E /* PlaceModel.swift */ = {isa = PBXFileReference; lastKnownFileType = sourcecode.swift; path = PlaceModel.swift; sourceTree = "<group>"; };
		EDE54B9223AE1DEE009A8453 /* MyPlaces.app */ = {isa = PBXFileReference; explicitFileType = wrapper.application; includeInIndex = 0; path = MyPlaces.app; sourceTree = BUILT_PRODUCTS_DIR; };
		EDE54B9523AE1DEE009A8453 /* AppDelegate.swift */ = {isa = PBXFileReference; lastKnownFileType = sourcecode.swift; path = AppDelegate.swift; sourceTree = "<group>"; };
		EDE54B9723AE1DEE009A8453 /* SceneDelegate.swift */ = {isa = PBXFileReference; lastKnownFileType = sourcecode.swift; path = SceneDelegate.swift; sourceTree = "<group>"; };
		EDE54B9C23AE1DEE009A8453 /* Base */ = {isa = PBXFileReference; lastKnownFileType = file.storyboard; name = Base; path = Base.lproj/Main.storyboard; sourceTree = "<group>"; };
		EDE54B9E23AE1DF3009A8453 /* Assets.xcassets */ = {isa = PBXFileReference; lastKnownFileType = folder.assetcatalog; path = Assets.xcassets; sourceTree = "<group>"; };
		EDE54BA123AE1DF3009A8453 /* Base */ = {isa = PBXFileReference; lastKnownFileType = file.storyboard; name = Base; path = Base.lproj/LaunchScreen.storyboard; sourceTree = "<group>"; };
		EDE54BA323AE1DF3009A8453 /* Info.plist */ = {isa = PBXFileReference; lastKnownFileType = text.plist.xml; path = Info.plist; sourceTree = "<group>"; };
		EDE54BA923AE2747009A8453 /* MainViewController.swift */ = {isa = PBXFileReference; lastKnownFileType = sourcecode.swift; path = MainViewController.swift; sourceTree = "<group>"; };
		EE2E0016462054FE10D9F806 /* Pods_MyPlaces.framework */ = {isa = PBXFileReference; explicitFileType = wrapper.framework; includeInIndex = 0; path = Pods_MyPlaces.framework; sourceTree = BUILT_PRODUCTS_DIR; };
/* End PBXFileReference section */

/* Begin PBXFrameworksBuildPhase section */
		EDE54B8F23AE1DEE009A8453 /* Frameworks */ = {
			isa = PBXFrameworksBuildPhase;
			buildActionMask = 2147483647;
			files = (
				6A89580EAEECA9FDC7EBD316 /* Pods_MyPlaces.framework in Frameworks */,
			);
			runOnlyForDeploymentPostprocessing = 0;
		};
/* End PBXFrameworksBuildPhase section */

/* Begin PBXGroup section */
		5C98E2E2F401DCB53AAD3D46 /* Frameworks */ = {
			isa = PBXGroup;
			children = (
				EE2E0016462054FE10D9F806 /* Pods_MyPlaces.framework */,
			);
			name = Frameworks;
			sourceTree = "<group>";
		};
		7E3E004BD3EA08D4588432BA /* Pods */ = {
			isa = PBXGroup;
			children = (
				E32AD3C8104C3804F4F239AC /* Pods-MyPlaces.debug.xcconfig */,
				954766839858DEC74B3D2356 /* Pods-MyPlaces.release.xcconfig */,
			);
			name = Pods;
			sourceTree = "<group>";
		};
		EDE54B8923AE1DEE009A8453 = {
			isa = PBXGroup;
			children = (
				EDE54B9423AE1DEE009A8453 /* MyPlaces */,
				EDE54B9323AE1DEE009A8453 /* Products */,
				7E3E004BD3EA08D4588432BA /* Pods */,
				5C98E2E2F401DCB53AAD3D46 /* Frameworks */,
			);
			sourceTree = "<group>";
		};
		EDE54B9323AE1DEE009A8453 /* Products */ = {
			isa = PBXGroup;
			children = (
				EDE54B9223AE1DEE009A8453 /* MyPlaces.app */,
			);
			name = Products;
			sourceTree = "<group>";
		};
		EDE54B9423AE1DEE009A8453 /* MyPlaces */ = {
			isa = PBXGroup;
			children = (
				EDE54B9523AE1DEE009A8453 /* AppDelegate.swift */,
				EDE54B9723AE1DEE009A8453 /* SceneDelegate.swift */,
				EDE54BA923AE2747009A8453 /* MainViewController.swift */,
				EDAAA23623BD1776004824E4 /* NewPlaceViewController.swift */,
				EDE498DB23B2380400A82B8E /* PlaceModel.swift */,
				ED0EE30F23C31CC0007D0B1E /* StorageManager.swift */,
				EDE498D923B1F00900A82B8E /* CustomTableViewCell.swift */,
				EDE54B9B23AE1DEE009A8453 /* Main.storyboard */,
				EDE54B9E23AE1DF3009A8453 /* Assets.xcassets */,
				EDE54BA023AE1DF3009A8453 /* LaunchScreen.storyboard */,
				EDE54BA323AE1DF3009A8453 /* Info.plist */,
			);
			path = MyPlaces;
			sourceTree = "<group>";
		};
/* End PBXGroup section */

/* Begin PBXNativeTarget section */
		EDE54B9123AE1DEE009A8453 /* MyPlaces */ = {
			isa = PBXNativeTarget;
			buildConfigurationList = EDE54BA623AE1DF3009A8453 /* Build configuration list for PBXNativeTarget "MyPlaces" */;
			buildPhases = (
				12886C6D8A07461379B0614F /* [CP] Check Pods Manifest.lock */,
				EDE54B8E23AE1DEE009A8453 /* Sources */,
				EDE54B8F23AE1DEE009A8453 /* Frameworks */,
				EDE54B9023AE1DEE009A8453 /* Resources */,
				E4233E362E28D6E5FAFE9CEA /* [CP] Embed Pods Frameworks */,
			);
			buildRules = (
			);
			dependencies = (
			);
			name = MyPlaces;
			productName = MyPlaces;
			productReference = EDE54B9223AE1DEE009A8453 /* MyPlaces.app */;
			productType = "com.apple.product-type.application";
		};
/* End PBXNativeTarget section */

/* Begin PBXProject section */
		EDE54B8A23AE1DEE009A8453 /* Project object */ = {
			isa = PBXProject;
			attributes = {
				LastSwiftUpdateCheck = 1130;
				LastUpgradeCheck = 1130;
				ORGANIZATIONNAME = "Kirill Parhomenko";
				TargetAttributes = {
					EDE54B9123AE1DEE009A8453 = {
						CreatedOnToolsVersion = 11.3;
					};
				};
			};
			buildConfigurationList = EDE54B8D23AE1DEE009A8453 /* Build configuration list for PBXProject "MyPlaces" */;
			compatibilityVersion = "Xcode 9.3";
			developmentRegion = en;
			hasScannedForEncodings = 0;
			knownRegions = (
				en,
				Base,
			);
			mainGroup = EDE54B8923AE1DEE009A8453;
			productRefGroup = EDE54B9323AE1DEE009A8453 /* Products */;
			projectDirPath = "";
			projectRoot = "";
			targets = (
				EDE54B9123AE1DEE009A8453 /* MyPlaces */,
			);
		};
/* End PBXProject section */

/* Begin PBXResourcesBuildPhase section */
		EDE54B9023AE1DEE009A8453 /* Resources */ = {
			isa = PBXResourcesBuildPhase;
			buildActionMask = 2147483647;
			files = (
				EDE54BA223AE1DF3009A8453 /* LaunchScreen.storyboard in Resources */,
				EDE54B9F23AE1DF3009A8453 /* Assets.xcassets in Resources */,
				EDE54B9D23AE1DEE009A8453 /* Main.storyboard in Resources */,
			);
			runOnlyForDeploymentPostprocessing = 0;
		};
/* End PBXResourcesBuildPhase section */

/* Begin PBXShellScriptBuildPhase section */
		12886C6D8A07461379B0614F /* [CP] Check Pods Manifest.lock */ = {
			isa = PBXShellScriptBuildPhase;
			buildActionMask = 2147483647;
			files = (
			);
			inputPaths = (
				"${PODS_PODFILE_DIR_PATH}/Podfile.lock",
				"${PODS_ROOT}/Manifest.lock",
			);
			name = "[CP] Check Pods Manifest.lock";
			outputPaths = (
				"$(DERIVED_FILE_DIR)/Pods-MyPlaces-checkManifestLockResult.txt",
			);
			runOnlyForDeploymentPostprocessing = 0;
			shellPath = /bin/sh;
			shellScript = "diff \"${PODS_PODFILE_DIR_PATH}/Podfile.lock\" \"${PODS_ROOT}/Manifest.lock\" > /dev/null\nif [ $? != 0 ] ; then\n    # print error to STDERR\n    echo \"error: The sandbox is not in sync with the Podfile.lock. Run 'pod install' or update your CocoaPods installation.\" >&2\n    exit 1\nfi\n# This output is used by Xcode 'outputs' to avoid re-running this script phase.\necho \"SUCCESS\" > \"${SCRIPT_OUTPUT_FILE_0}\"\n";
			showEnvVarsInLog = 0;
		};
		E4233E362E28D6E5FAFE9CEA /* [CP] Embed Pods Frameworks */ = {
			isa = PBXShellScriptBuildPhase;
			buildActionMask = 2147483647;
			files = (
			);
			inputPaths = (
				"${SRCROOT}/Pods/Target Support Files/Pods-MyPlaces/Pods-MyPlaces-frameworks.sh",
				"${BUILT_PRODUCTS_DIR}/Realm/Realm.framework",
				"${BUILT_PRODUCTS_DIR}/RealmSwift/RealmSwift.framework",
			);
			name = "[CP] Embed Pods Frameworks";
			outputPaths = (
				"${TARGET_BUILD_DIR}/${FRAMEWORKS_FOLDER_PATH}/Realm.framework",
				"${TARGET_BUILD_DIR}/${FRAMEWORKS_FOLDER_PATH}/RealmSwift.framework",
			);
			runOnlyForDeploymentPostprocessing = 0;
			shellPath = /bin/sh;
			shellScript = "\"${SRCROOT}/Pods/Target Support Files/Pods-MyPlaces/Pods-MyPlaces-frameworks.sh\"\n";
			showEnvVarsInLog = 0;
		};
/* End PBXShellScriptBuildPhase section */

/* Begin PBXSourcesBuildPhase section */
		EDE54B8E23AE1DEE009A8453 /* Sources */ = {
			isa = PBXSourcesBuildPhase;
			buildActionMask = 2147483647;
			files = (
				EDE54BAA23AE2747009A8453 /* MainViewController.swift in Sources */,
				EDAAA23723BD1776004824E4 /* NewPlaceViewController.swift in Sources */,
				EDE54B9623AE1DEE009A8453 /* AppDelegate.swift in Sources */,
				ED0EE31023C31CC0007D0B1E /* StorageManager.swift in Sources */,
				EDE498DC23B2380400A82B8E /* PlaceModel.swift in Sources */,
				EDE498DA23B1F00900A82B8E /* CustomTableViewCell.swift in Sources */,
				EDE54B9823AE1DEE009A8453 /* SceneDelegate.swift in Sources */,
			);
			runOnlyForDeploymentPostprocessing = 0;
		};
/* End PBXSourcesBuildPhase section */

/* Begin PBXVariantGroup section */
		EDE54B9B23AE1DEE009A8453 /* Main.storyboard */ = {
			isa = PBXVariantGroup;
			children = (
				EDE54B9C23AE1DEE009A8453 /* Base */,
			);
			name = Main.storyboard;
			sourceTree = "<group>";
		};
		EDE54BA023AE1DF3009A8453 /* LaunchScreen.storyboard */ = {
			isa = PBXVariantGroup;
			children = (
				EDE54BA123AE1DF3009A8453 /* Base */,
			);
			name = LaunchScreen.storyboard;
			sourceTree = "<group>";
		};
/* End PBXVariantGroup section */

/* Begin XCBuildConfiguration section */
		EDE54BA423AE1DF3009A8453 /* Debug */ = {
			isa = XCBuildConfiguration;
			buildSettings = {
				ALWAYS_SEARCH_USER_PATHS = NO;
				CLANG_ANALYZER_NONNULL = YES;
				CLANG_ANALYZER_NUMBER_OBJECT_CONVERSION = YES_AGGRESSIVE;
				CLANG_CXX_LANGUAGE_STANDARD = "gnu++14";
				CLANG_CXX_LIBRARY = "libc++";
				CLANG_ENABLE_MODULES = YES;
				CLANG_ENABLE_OBJC_ARC = YES;
				CLANG_ENABLE_OBJC_WEAK = YES;
				CLANG_WARN_BLOCK_CAPTURE_AUTORELEASING = YES;
				CLANG_WARN_BOOL_CONVERSION = YES;
				CLANG_WARN_COMMA = YES;
				CLANG_WARN_CONSTANT_CONVERSION = YES;
				CLANG_WARN_DEPRECATED_OBJC_IMPLEMENTATIONS = YES;
				CLANG_WARN_DIRECT_OBJC_ISA_USAGE = YES_ERROR;
				CLANG_WARN_DOCUMENTATION_COMMENTS = YES;
				CLANG_WARN_EMPTY_BODY = YES;
				CLANG_WARN_ENUM_CONVERSION = YES;
				CLANG_WARN_INFINITE_RECURSION = YES;
				CLANG_WARN_INT_CONVERSION = YES;
				CLANG_WARN_NON_LITERAL_NULL_CONVERSION = YES;
				CLANG_WARN_OBJC_IMPLICIT_RETAIN_SELF = YES;
				CLANG_WARN_OBJC_LITERAL_CONVERSION = YES;
				CLANG_WARN_OBJC_ROOT_CLASS = YES_ERROR;
				CLANG_WARN_RANGE_LOOP_ANALYSIS = YES;
				CLANG_WARN_STRICT_PROTOTYPES = YES;
				CLANG_WARN_SUSPICIOUS_MOVE = YES;
				CLANG_WARN_UNGUARDED_AVAILABILITY = YES_AGGRESSIVE;
				CLANG_WARN_UNREACHABLE_CODE = YES;
				CLANG_WARN__DUPLICATE_METHOD_MATCH = YES;
				COPY_PHASE_STRIP = NO;
				DEBUG_INFORMATION_FORMAT = dwarf;
				ENABLE_STRICT_OBJC_MSGSEND = YES;
				ENABLE_TESTABILITY = YES;
				GCC_C_LANGUAGE_STANDARD = gnu11;
				GCC_DYNAMIC_NO_PIC = NO;
				GCC_NO_COMMON_BLOCKS = YES;
				GCC_OPTIMIZATION_LEVEL = 0;
				GCC_PREPROCESSOR_DEFINITIONS = (
					"DEBUG=1",
					"$(inherited)",
				);
				GCC_WARN_64_TO_32_BIT_CONVERSION = YES;
				GCC_WARN_ABOUT_RETURN_TYPE = YES_ERROR;
				GCC_WARN_UNDECLARED_SELECTOR = YES;
				GCC_WARN_UNINITIALIZED_AUTOS = YES_AGGRESSIVE;
				GCC_WARN_UNUSED_FUNCTION = YES;
				GCC_WARN_UNUSED_VARIABLE = YES;
				IPHONEOS_DEPLOYMENT_TARGET = 13.2;
				MTL_ENABLE_DEBUG_INFO = INCLUDE_SOURCE;
				MTL_FAST_MATH = YES;
				ONLY_ACTIVE_ARCH = YES;
				SDKROOT = iphoneos;
				SWIFT_ACTIVE_COMPILATION_CONDITIONS = DEBUG;
				SWIFT_OPTIMIZATION_LEVEL = "-Onone";
			};
			name = Debug;
		};
		EDE54BA523AE1DF3009A8453 /* Release */ = {
			isa = XCBuildConfiguration;
			buildSettings = {
				ALWAYS_SEARCH_USER_PATHS = NO;
				CLANG_ANALYZER_NONNULL = YES;
				CLANG_ANALYZER_NUMBER_OBJECT_CONVERSION = YES_AGGRESSIVE;
				CLANG_CXX_LANGUAGE_STANDARD = "gnu++14";
				CLANG_CXX_LIBRARY = "libc++";
				CLANG_ENABLE_MODULES = YES;
				CLANG_ENABLE_OBJC_ARC = YES;
				CLANG_ENABLE_OBJC_WEAK = YES;
				CLANG_WARN_BLOCK_CAPTURE_AUTORELEASING = YES;
				CLANG_WARN_BOOL_CONVERSION = YES;
				CLANG_WARN_COMMA = YES;
				CLANG_WARN_CONSTANT_CONVERSION = YES;
				CLANG_WARN_DEPRECATED_OBJC_IMPLEMENTATIONS = YES;
				CLANG_WARN_DIRECT_OBJC_ISA_USAGE = YES_ERROR;
				CLANG_WARN_DOCUMENTATION_COMMENTS = YES;
				CLANG_WARN_EMPTY_BODY = YES;
				CLANG_WARN_ENUM_CONVERSION = YES;
				CLANG_WARN_INFINITE_RECURSION = YES;
				CLANG_WARN_INT_CONVERSION = YES;
				CLANG_WARN_NON_LITERAL_NULL_CONVERSION = YES;
				CLANG_WARN_OBJC_IMPLICIT_RETAIN_SELF = YES;
				CLANG_WARN_OBJC_LITERAL_CONVERSION = YES;
				CLANG_WARN_OBJC_ROOT_CLASS = YES_ERROR;
				CLANG_WARN_RANGE_LOOP_ANALYSIS = YES;
				CLANG_WARN_STRICT_PROTOTYPES = YES;
				CLANG_WARN_SUSPICIOUS_MOVE = YES;
				CLANG_WARN_UNGUARDED_AVAILABILITY = YES_AGGRESSIVE;
				CLANG_WARN_UNREACHABLE_CODE = YES;
				CLANG_WARN__DUPLICATE_METHOD_MATCH = YES;
				COPY_PHASE_STRIP = NO;
				DEBUG_INFORMATION_FORMAT = "dwarf-with-dsym";
				ENABLE_NS_ASSERTIONS = NO;
				ENABLE_STRICT_OBJC_MSGSEND = YES;
				GCC_C_LANGUAGE_STANDARD = gnu11;
				GCC_NO_COMMON_BLOCKS = YES;
				GCC_WARN_64_TO_32_BIT_CONVERSION = YES;
				GCC_WARN_ABOUT_RETURN_TYPE = YES_ERROR;
				GCC_WARN_UNDECLARED_SELECTOR = YES;
				GCC_WARN_UNINITIALIZED_AUTOS = YES_AGGRESSIVE;
				GCC_WARN_UNUSED_FUNCTION = YES;
				GCC_WARN_UNUSED_VARIABLE = YES;
				IPHONEOS_DEPLOYMENT_TARGET = 13.2;
				MTL_ENABLE_DEBUG_INFO = NO;
				MTL_FAST_MATH = YES;
				SDKROOT = iphoneos;
				SWIFT_COMPILATION_MODE = wholemodule;
				SWIFT_OPTIMIZATION_LEVEL = "-O";
				VALIDATE_PRODUCT = YES;
			};
			name = Release;
		};
		EDE54BA723AE1DF3009A8453 /* Debug */ = {
			isa = XCBuildConfiguration;
			baseConfigurationReference = E32AD3C8104C3804F4F239AC /* Pods-MyPlaces.debug.xcconfig */;
			buildSettings = {
				ASSETCATALOG_COMPILER_APPICON_NAME = AppIcon;
				CODE_SIGN_STYLE = Automatic;
				DEVELOPMENT_TEAM = 5MLP2K8ZE3;
				INFOPLIST_FILE = MyPlaces/Info.plist;
				IPHONEOS_DEPLOYMENT_TARGET = 13.0;
				LD_RUNPATH_SEARCH_PATHS = (
					"$(inherited)",
					"@executable_path/Frameworks",
				);
				PRODUCT_BUNDLE_IDENTIFIER = nksf.MyPlaces;
				PRODUCT_NAME = "$(TARGET_NAME)";
				SWIFT_VERSION = 5.0;
				TARGETED_DEVICE_FAMILY = 1;
			};
			name = Debug;
		};
		EDE54BA823AE1DF3009A8453 /* Release */ = {
			isa = XCBuildConfiguration;
			baseConfigurationReference = 954766839858DEC74B3D2356 /* Pods-MyPlaces.release.xcconfig */;
			buildSettings = {
				ASSETCATALOG_COMPILER_APPICON_NAME = AppIcon;
				CODE_SIGN_STYLE = Automatic;
				DEVELOPMENT_TEAM = 5MLP2K8ZE3;
				INFOPLIST_FILE = MyPlaces/Info.plist;
				IPHONEOS_DEPLOYMENT_TARGET = 13.0;
				LD_RUNPATH_SEARCH_PATHS = (
					"$(inherited)",
					"@executable_path/Frameworks",
				);
				PRODUCT_BUNDLE_IDENTIFIER = nksf.MyPlaces;
				PRODUCT_NAME = "$(TARGET_NAME)";
				SWIFT_VERSION = 5.0;
				TARGETED_DEVICE_FAMILY = 1;
			};
			name = Release;
		};
/* End XCBuildConfiguration section */

/* Begin XCConfigurationList section */
		EDE54B8D23AE1DEE009A8453 /* Build configuration list for PBXProject "MyPlaces" */ = {
			isa = XCConfigurationList;
			buildConfigurations = (
				EDE54BA423AE1DF3009A8453 /* Debug */,
				EDE54BA523AE1DF3009A8453 /* Release */,
			);
			defaultConfigurationIsVisible = 0;
			defaultConfigurationName = Release;
		};
		EDE54BA623AE1DF3009A8453 /* Build configuration list for PBXNativeTarget "MyPlaces" */ = {
			isa = XCConfigurationList;
			buildConfigurations = (
				EDE54BA723AE1DF3009A8453 /* Debug */,
				EDE54BA823AE1DF3009A8453 /* Release */,
			);
			defaultConfigurationIsVisible = 0;
			defaultConfigurationName = Release;
		};
/* End XCConfigurationList section */
	};
	rootObject = EDE54B8A23AE1DEE009A8453 /* Project object */;
}
